
Microsoft Visual Studio Solution File, Format Version 12.00
# Visual Studio Version 17
VisualStudioVersion = 17.2.32616.157
MinimumVisualStudioVersion = 10.0.40219.1
Project("{FAE04EC0-301F-11D3-BF4B-00C04F79EFBC}") = "CSharp", "CSharp.csproj", "{D26BC937-BBCB-4ECE-8A55-BC4B53DD316C}"
EndProject
Global
	GlobalSection(SolutionConfigurationPlatforms) = preSolution
		Debug|Any CPU = Debug|Any CPU
		Release|Any CPU = Release|Any CPU
	EndGlobalSection
	GlobalSection(ProjectConfigurationPlatforms) = postSolution
		{D26BC937-BBCB-4ECE-8A55-BC4B53DD316C}.Debug|Any CPU.ActiveCfg = Debug|Any CPU
		{D26BC937-BBCB-4ECE-8A55-BC4B53DD316C}.Debug|Any CPU.Build.0 = Debug|Any CPU
		{D26BC937-BBCB-4ECE-8A55-BC4B53DD316C}.Release|Any CPU.ActiveCfg = Release|Any CPU
		{D26BC937-BBCB-4ECE-8A55-BC4B53DD316C}.Release|Any CPU.Build.0 = Release|Any CPU
	EndGlobalSection
	GlobalSection(SolutionProperties) = preSolution
		HideSolutionNode = FALSE
	EndGlobalSection
	GlobalSection(ExtensibilityGlobals) = postSolution
		SolutionGuid = {D97B8FBA-3ADC-4455-BF94-51FA194D5153}
	EndGlobalSection
EndGlobal
